Microsoft Visual Studio Solution File, Format Version 8.00
Project("{8BC9CEB8-8B4A-11D0-8D11-00A0C91BC942}") = "prim", "prim\prim.vcproj", "{4EA29846-A487-4B4D-88E6-28054D7CB15E}"
	ProjectSection(ProjectDependencies) = postProject
		{E279C669-98E6-4981-BCE7-B1E3C7E0C111} = {E279C669-98E6-4981-BCE7-B1E3C7E0C111}
	EndProjectSection
EndProject
Project("{8BC9CEB8-8B4A-11D0-8D11-00A0C91BC942}") = "util", "util\util.vcproj", "{E279C669-98E6-4981-BCE7-B1E3C7E0C111}"
	ProjectSection(ProjectDependencies) = postProject
	EndProjectSection
EndProject
Project("{8BC9CEB8-8B4A-11D0-8D11-00A0C91BC942}") = "io", "io\io.vcproj", "{6060C38A-5990-4C62-8C02-0844BFF93651}"
	ProjectSection(ProjectDependencies) = postProject
		{E279C669-98E6-4981-BCE7-B1E3C7E0C111} = {E279C669-98E6-4981-BCE7-B1E3C7E0C111}
	EndProjectSection
EndProject
Project("{8BC9CEB8-8B4A-11D0-8D11-00A0C91BC942}") = "meta", "meta\meta.vcproj", "{07BB9AD3-5D9B-4B80-8ECB-0FE399D60317}"
	ProjectSection(ProjectDependencies) = postProject
	EndProjectSection
EndProject
Project("{8BC9CEB8-8B4A-11D0-8D11-00A0C91BC942}") = "num", "num\num.vcproj", "{98B63067-5F62-4565-A63F-1F84F6C1BEFA}"
	ProjectSection(ProjectDependencies) = postProject
		{E279C669-98E6-4981-BCE7-B1E3C7E0C111} = {E279C669-98E6-4981-BCE7-B1E3C7E0C111}
	EndProjectSection
EndProject
Project("{8BC9CEB8-8B4A-11D0-8D11-00A0C91BC942}") = "spat", "spat\spat.vcproj", "{6446CABB-97F7-481E-AC28-A6DEE912FB58}"
	ProjectSection(ProjectDependencies) = postProject
		{E279C669-98E6-4981-BCE7-B1E3C7E0C111} = {E279C669-98E6-4981-BCE7-B1E3C7E0C111}
	EndProjectSection
EndProject
Project("{8BC9CEB8-8B4A-11D0-8D11-00A0C91BC942}") = "stde", "stde\stde.vcproj", "{3D59E9F7-20A9-49F8-863A-8929799D7A26}"
	ProjectSection(ProjectDependencies) = postProject
	EndProjectSection
EndProject
Project("{8BC9CEB8-8B4A-11D0-8D11-00A0C91BC942}") = "test", "test\test.vcproj", "{643AA0CF-4C4E-47DE-ADB3-2918774DFEA7}"
	ProjectSection(ProjectDependencies) = postProject
		{4EA29846-A487-4B4D-88E6-28054D7CB15E} = {4EA29846-A487-4B4D-88E6-28054D7CB15E}
		{98B63067-5F62-4565-A63F-1F84F6C1BEFA} = {98B63067-5F62-4565-A63F-1F84F6C1BEFA}
		{E279C669-98E6-4981-BCE7-B1E3C7E0C111} = {E279C669-98E6-4981-BCE7-B1E3C7E0C111}
		{6060C38A-5990-4C62-8C02-0844BFF93651} = {6060C38A-5990-4C62-8C02-0844BFF93651}
		{6446CABB-97F7-481E-AC28-A6DEE912FB58} = {6446CABB-97F7-481E-AC28-A6DEE912FB58}
	EndProjectSection
EndProject
Global
	GlobalSection(SolutionConfiguration) = preSolution
		win32_intel700 = win32_intel700
		win32_intel700_d = win32_intel700_d
		win32_vc71 = win32_vc71
		win32_vc71_d = win32_vc71_d
	EndGlobalSection
	GlobalSection(ProjectConfiguration) = postSolution
		{4EA29846-A487-4B4D-88E6-28054D7CB15E}.win32_intel700.ActiveCfg = win32_intel700|Win32
		{4EA29846-A487-4B4D-88E6-28054D7CB15E}.win32_intel700.Build.0 = win32_intel700|Win32
		{4EA29846-A487-4B4D-88E6-28054D7CB15E}.win32_intel700_d.ActiveCfg = win32_intel700_d|Win32
		{4EA29846-A487-4B4D-88E6-28054D7CB15E}.win32_intel700_d.Build.0 = win32_intel700_d|Win32
		{4EA29846-A487-4B4D-88E6-28054D7CB15E}.win32_vc71.ActiveCfg = win32_vc71|Win32
		{4EA29846-A487-4B4D-88E6-28054D7CB15E}.win32_vc71.Build.0 = win32_vc71|Win32
		{4EA29846-A487-4B4D-88E6-28054D7CB15E}.win32_vc71_d.ActiveCfg = win32_vc71_d|Win32
		{4EA29846-A487-4B4D-88E6-28054D7CB15E}.win32_vc71_d.Build.0 = win32_vc71_d|Win32
		{E279C669-98E6-4981-BCE7-B1E3C7E0C111}.win32_intel700.ActiveCfg = win32_intel700|Win32
		{E279C669-98E6-4981-BCE7-B1E3C7E0C111}.win32_intel700.Build.0 = win32_intel700|Win32
		{E279C669-98E6-4981-BCE7-B1E3C7E0C111}.win32_intel700_d.ActiveCfg = win32_intel700_d|Win32
		{E279C669-98E6-4981-BCE7-B1E3C7E0C111}.win32_intel700_d.Build.0 = win32_intel700_d|Win32
		{E279C669-98E6-4981-BCE7-B1E3C7E0C111}.win32_vc71.ActiveCfg = win32_vc71|Win32
		{E279C669-98E6-4981-BCE7-B1E3C7E0C111}.win32_vc71.Build.0 = win32_vc71|Win32
		{E279C669-98E6-4981-BCE7-B1E3C7E0C111}.win32_vc71_d.ActiveCfg = win32_vc71_d|Win32
		{E279C669-98E6-4981-BCE7-B1E3C7E0C111}.win32_vc71_d.Build.0 = win32_vc71_d|Win32
		{6060C38A-5990-4C62-8C02-0844BFF93651}.win32_intel700.ActiveCfg = win32_intel700|Win32
		{6060C38A-5990-4C62-8C02-0844BFF93651}.win32_intel700.Build.0 = win32_intel700|Win32
		{6060C38A-5990-4C62-8C02-0844BFF93651}.win32_intel700_d.ActiveCfg = win32_intel700_d|Win32
		{6060C38A-5990-4C62-8C02-0844BFF93651}.win32_intel700_d.Build.0 = win32_intel700_d|Win32
		{6060C38A-5990-4C62-8C02-0844BFF93651}.win32_vc71.ActiveCfg = win32_vc71|Win32
		{6060C38A-5990-4C62-8C02-0844BFF93651}.win32_vc71.Build.0 = win32_vc71|Win32
		{6060C38A-5990-4C62-8C02-0844BFF93651}.win32_vc71_d.ActiveCfg = win32_vc71_d|Win32
		{6060C38A-5990-4C62-8C02-0844BFF93651}.win32_vc71_d.Build.0 = win32_vc71_d|Win32
		{07BB9AD3-5D9B-4B80-8ECB-0FE399D60317}.win32_intel700.ActiveCfg = win32_intel700|Win32
		{07BB9AD3-5D9B-4B80-8ECB-0FE399D60317}.win32_intel700.Build.0 = win32_intel700|Win32
		{07BB9AD3-5D9B-4B80-8ECB-0FE399D60317}.win32_intel700_d.ActiveCfg = win32_intel700_d|Win32
		{07BB9AD3-5D9B-4B80-8ECB-0FE399D60317}.win32_intel700_d.Build.0 = win32_intel700_d|Win32
		{07BB9AD3-5D9B-4B80-8ECB-0FE399D60317}.win32_vc71.ActiveCfg = win32_vc71|Win32
		{07BB9AD3-5D9B-4B80-8ECB-0FE399D60317}.win32_vc71.Build.0 = win32_vc71|Win32
		{07BB9AD3-5D9B-4B80-8ECB-0FE399D60317}.win32_vc71_d.ActiveCfg = win32_vc71_d|Win32
		{07BB9AD3-5D9B-4B80-8ECB-0FE399D60317}.win32_vc71_d.Build.0 = win32_vc71_d|Win32
		{98B63067-5F62-4565-A63F-1F84F6C1BEFA}.win32_intel700.ActiveCfg = win32_intel700|Win32
		{98B63067-5F62-4565-A63F-1F84F6C1BEFA}.win32_intel700.Build.0 = win32_intel700|Win32
		{98B63067-5F62-4565-A63F-1F84F6C1BEFA}.win32_intel700_d.ActiveCfg = win32_intel700_d|Win32
		{98B63067-5F62-4565-A63F-1F84F6C1BEFA}.win32_intel700_d.Build.0 = win32_intel700_d|Win32
		{98B63067-5F62-4565-A63F-1F84F6C1BEFA}.win32_vc71.ActiveCfg = win32_vc71|Win32
		{98B63067-5F62-4565-A63F-1F84F6C1BEFA}.win32_vc71.Build.0 = win32_vc71|Win32
		{98B63067-5F62-4565-A63F-1F84F6C1BEFA}.win32_vc71_d.ActiveCfg = win32_vc71_d|Win32
		{98B63067-5F62-4565-A63F-1F84F6C1BEFA}.win32_vc71_d.Build.0 = win32_vc71_d|Win32
		{6446CABB-97F7-481E-AC28-A6DEE912FB58}.win32_intel700.ActiveCfg = win32_intel700|Win32
		{6446CABB-97F7-481E-AC28-A6DEE912FB58}.win32_intel700.Build.0 = win32_intel700|Win32
		{6446CABB-97F7-481E-AC28-A6DEE912FB58}.win32_intel700_d.ActiveCfg = win32_intel700_d|Win32
		{6446CABB-97F7-481E-AC28-A6DEE912FB58}.win32_intel700_d.Build.0 = win32_intel700_d|Win32
		{6446CABB-97F7-481E-AC28-A6DEE912FB58}.win32_vc71.ActiveCfg = win32_vc71|Win32
		{6446CABB-97F7-481E-AC28-A6DEE912FB58}.win32_vc71.Build.0 = win32_vc71|Win32
		{6446CABB-97F7-481E-AC28-A6DEE912FB58}.win32_vc71_d.ActiveCfg = win32_vc71_d|Win32
		{6446CABB-97F7-481E-AC28-A6DEE912FB58}.win32_vc71_d.Build.0 = win32_vc71_d|Win32
		{3D59E9F7-20A9-49F8-863A-8929799D7A26}.win32_intel700.ActiveCfg = win32_intel700|Win32
		{3D59E9F7-20A9-49F8-863A-8929799D7A26}.win32_intel700.Build.0 = win32_intel700|Win32
		{3D59E9F7-20A9-49F8-863A-8929799D7A26}.win32_intel700_d.ActiveCfg = win32_intel700_d|Win32
		{3D59E9F7-20A9-49F8-863A-8929799D7A26}.win32_intel700_d.Build.0 = win32_intel700_d|Win32
		{3D59E9F7-20A9-49F8-863A-8929799D7A26}.win32_vc71.ActiveCfg = win32_vc71|Win32
		{3D59E9F7-20A9-49F8-863A-8929799D7A26}.win32_vc71.Build.0 = win32_vc71|Win32
		{3D59E9F7-20A9-49F8-863A-8929799D7A26}.win32_vc71_d.ActiveCfg = win32_vc71_d|Win32
		{3D59E9F7-20A9-49F8-863A-8929799D7A26}.win32_vc71_d.Build.0 = win32_vc71_d|Win32
		{643AA0CF-4C4E-47DE-ADB3-2918774DFEA7}.win32_intel700.ActiveCfg = win32_intel700|Win32
		{643AA0CF-4C4E-47DE-ADB3-2918774DFEA7}.win32_intel700.Build.0 = win32_intel700|Win32
		{643AA0CF-4C4E-47DE-ADB3-2918774DFEA7}.win32_intel700_d.ActiveCfg = win32_intel700_d|Win32
		{643AA0CF-4C4E-47DE-ADB3-2918774DFEA7}.win32_intel700_d.Build.0 = win32_intel700_d|Win32
		{643AA0CF-4C4E-47DE-ADB3-2918774DFEA7}.win32_vc71.ActiveCfg = win32_vc71|Win32
		{643AA0CF-4C4E-47DE-ADB3-2918774DFEA7}.win32_vc71.Build.0 = win32_vc71|Win32
		{643AA0CF-4C4E-47DE-ADB3-2918774DFEA7}.win32_vc71_d.ActiveCfg = win32_vc71_d|Win32
		{643AA0CF-4C4E-47DE-ADB3-2918774DFEA7}.win32_vc71_d.Build.0 = win32_vc71_d|Win32
	EndGlobalSection
	GlobalSection(ExtensibilityGlobals) = postSolution
	EndGlobalSection
	GlobalSection(ExtensibilityAddIns) = postSolution
	EndGlobalSection
EndGlobal
