
Microsoft Visual Studio Solution File, Format Version 9.00
# Visual Studio 2005
Project("{8BC9CEB8-8B4A-11D0-8D11-00A0C91BC942}") = "meta_vc8", "meta\meta_vc8.vcproj", "{51327D5D-EA46-4D16-BB4D-15F154E66F08}"
EndProject
Project("{8BC9CEB8-8B4A-11D0-8D11-00A0C91BC942}") = "prim_vc8", "prim\prim_vc8.vcproj", "{69287D9D-0A18-4060-B698-49DF65CEF10E}"
	ProjectSection(ProjectDependencies) = postProject
		{D2824E6F-9A04-4483-B824-77B3EF38903A} = {D2824E6F-9A04-4483-B824-77B3EF38903A}
	EndProjectSection
EndProject
Project("{8BC9CEB8-8B4A-11D0-8D11-00A0C91BC942}") = "spat_vc8", "spat\spat_vc8.vcproj", "{F8ED850D-FE0F-4C03-AF94-464D7580E6C1}"
	ProjectSection(ProjectDependencies) = postProject
		{D2824E6F-9A04-4483-B824-77B3EF38903A} = {D2824E6F-9A04-4483-B824-77B3EF38903A}
	EndProjectSection
EndProject
Project("{8BC9CEB8-8B4A-11D0-8D11-00A0C91BC942}") = "test_vc8", "test\test_vc8.vcproj", "{A49A7DAC-49F8-412D-9802-D91E4A357E56}"
	ProjectSection(ProjectDependencies) = postProject
		{69287D9D-0A18-4060-B698-49DF65CEF10E} = {69287D9D-0A18-4060-B698-49DF65CEF10E}
		{D2824E6F-9A04-4483-B824-77B3EF38903A} = {D2824E6F-9A04-4483-B824-77B3EF38903A}
		{51E8A24D-FCF3-4D78-AC6B-4F32D4E6F965} = {51E8A24D-FCF3-4D78-AC6B-4F32D4E6F965}
		{52E4B019-9E8F-4008-AAF2-B1B75CE55874} = {52E4B019-9E8F-4008-AAF2-B1B75CE55874}
		{F8ED850D-FE0F-4C03-AF94-464D7580E6C1} = {F8ED850D-FE0F-4C03-AF94-464D7580E6C1}
	EndProjectSection
EndProject
Project("{8BC9CEB8-8B4A-11D0-8D11-00A0C91BC942}") = "util_vc8", "util\util_vc8.vcproj", "{D2824E6F-9A04-4483-B824-77B3EF38903A}"
EndProject
Project("{8BC9CEB8-8B4A-11D0-8D11-00A0C91BC942}") = "stde_vc8", "stde\stde_vc8.vcproj", "{CB0F5B2D-7785-4FF2-9AA0-CB4372B43A75}"
EndProject
Project("{8BC9CEB8-8B4A-11D0-8D11-00A0C91BC942}") = "io_vc8", "io\io_vc8.vcproj", "{51E8A24D-FCF3-4D78-AC6B-4F32D4E6F965}"
	ProjectSection(ProjectDependencies) = postProject
		{D2824E6F-9A04-4483-B824-77B3EF38903A} = {D2824E6F-9A04-4483-B824-77B3EF38903A}
	EndProjectSection
EndProject
Project("{8BC9CEB8-8B4A-11D0-8D11-00A0C91BC942}") = "num_vc8", "num\num_vc8.vcproj", "{52E4B019-9E8F-4008-AAF2-B1B75CE55874}"
EndProject
Global
	GlobalSection(SolutionConfigurationPlatforms) = preSolution
		win32_vc8_d|Win32 = win32_vc8_d|Win32
		win32_vc8|Win32 = win32_vc8|Win32
	EndGlobalSection
	GlobalSection(ProjectConfigurationPlatforms) = postSolution
		{51327D5D-EA46-4D16-BB4D-15F154E66F08}.win32_vc8_d|Win32.ActiveCfg = win32_vc8_d|Win32
		{51327D5D-EA46-4D16-BB4D-15F154E66F08}.win32_vc8_d|Win32.Build.0 = win32_vc8_d|Win32
		{51327D5D-EA46-4D16-BB4D-15F154E66F08}.win32_vc8|Win32.ActiveCfg = win32_vc8|Win32
		{51327D5D-EA46-4D16-BB4D-15F154E66F08}.win32_vc8|Win32.Build.0 = win32_vc8|Win32
		{69287D9D-0A18-4060-B698-49DF65CEF10E}.win32_vc8_d|Win32.ActiveCfg = win32_vc8_d|Win32
		{69287D9D-0A18-4060-B698-49DF65CEF10E}.win32_vc8_d|Win32.Build.0 = win32_vc8_d|Win32
		{69287D9D-0A18-4060-B698-49DF65CEF10E}.win32_vc8|Win32.ActiveCfg = win32_vc8|Win32
		{69287D9D-0A18-4060-B698-49DF65CEF10E}.win32_vc8|Win32.Build.0 = win32_vc8|Win32
		{F8ED850D-FE0F-4C03-AF94-464D7580E6C1}.win32_vc8_d|Win32.ActiveCfg = win32_vc8_d|Win32
		{F8ED850D-FE0F-4C03-AF94-464D7580E6C1}.win32_vc8_d|Win32.Build.0 = win32_vc8_d|Win32
		{F8ED850D-FE0F-4C03-AF94-464D7580E6C1}.win32_vc8|Win32.ActiveCfg = win32_vc8|Win32
		{F8ED850D-FE0F-4C03-AF94-464D7580E6C1}.win32_vc8|Win32.Build.0 = win32_vc8|Win32
		{A49A7DAC-49F8-412D-9802-D91E4A357E56}.win32_vc8_d|Win32.ActiveCfg = win32_vc8_d|Win32
		{A49A7DAC-49F8-412D-9802-D91E4A357E56}.win32_vc8_d|Win32.Build.0 = win32_vc8_d|Win32
		{A49A7DAC-49F8-412D-9802-D91E4A357E56}.win32_vc8|Win32.ActiveCfg = win32_vc8|Win32
		{A49A7DAC-49F8-412D-9802-D91E4A357E56}.win32_vc8|Win32.Build.0 = win32_vc8|Win32
		{D2824E6F-9A04-4483-B824-77B3EF38903A}.win32_vc8_d|Win32.ActiveCfg = win32_vc8_d|Win32
		{D2824E6F-9A04-4483-B824-77B3EF38903A}.win32_vc8_d|Win32.Build.0 = win32_vc8_d|Win32
		{D2824E6F-9A04-4483-B824-77B3EF38903A}.win32_vc8|Win32.ActiveCfg = win32_vc8|Win32
		{D2824E6F-9A04-4483-B824-77B3EF38903A}.win32_vc8|Win32.Build.0 = win32_vc8|Win32
		{CB0F5B2D-7785-4FF2-9AA0-CB4372B43A75}.win32_vc8_d|Win32.ActiveCfg = win32_vc8_d|Win32
		{CB0F5B2D-7785-4FF2-9AA0-CB4372B43A75}.win32_vc8_d|Win32.Build.0 = win32_vc8_d|Win32
		{CB0F5B2D-7785-4FF2-9AA0-CB4372B43A75}.win32_vc8|Win32.ActiveCfg = win32_vc8|Win32
		{CB0F5B2D-7785-4FF2-9AA0-CB4372B43A75}.win32_vc8|Win32.Build.0 = win32_vc8|Win32
		{51E8A24D-FCF3-4D78-AC6B-4F32D4E6F965}.win32_vc8_d|Win32.ActiveCfg = win32_vc8_d|Win32
		{51E8A24D-FCF3-4D78-AC6B-4F32D4E6F965}.win32_vc8_d|Win32.Build.0 = win32_vc8_d|Win32
		{51E8A24D-FCF3-4D78-AC6B-4F32D4E6F965}.win32_vc8|Win32.ActiveCfg = win32_vc8|Win32
		{51E8A24D-FCF3-4D78-AC6B-4F32D4E6F965}.win32_vc8|Win32.Build.0 = win32_vc8|Win32
		{52E4B019-9E8F-4008-AAF2-B1B75CE55874}.win32_vc8_d|Win32.ActiveCfg = win32_vc8_d|Win32
		{52E4B019-9E8F-4008-AAF2-B1B75CE55874}.win32_vc8_d|Win32.Build.0 = win32_vc8_d|Win32
		{52E4B019-9E8F-4008-AAF2-B1B75CE55874}.win32_vc8|Win32.ActiveCfg = win32_vc8|Win32
		{52E4B019-9E8F-4008-AAF2-B1B75CE55874}.win32_vc8|Win32.Build.0 = win32_vc8|Win32
	EndGlobalSection
	GlobalSection(SolutionProperties) = preSolution
		HideSolutionNode = FALSE
	EndGlobalSection
EndGlobal
