
Microsoft Visual Studio Solution File, Format Version 9.00
# Visual Studio 2005
Project("{8BC9CEB8-8B4A-11D0-8D11-00A0C91BC942}") = "util_vc8", "util\util_vc8.vcproj", "{D2824E6F-9A04-4483-B824-77B3EF38903A}"
EndProject
Project("{8BC9CEB8-8B4A-11D0-8D11-00A0C91BC942}") = "io_vc8", "io\io_vc8.vcproj", "{51E8A24D-FCF3-4D78-AC6B-4F32D4E6F965}"
	ProjectSection(ProjectDependencies) = postProject
		{D2824E6F-9A04-4483-B824-77B3EF38903A} = {D2824E6F-9A04-4483-B824-77B3EF38903A}
	EndProjectSection
EndProject
Project("{2150E333-8FDC-42A3-9474-1A3956D46DE8}") = "Solution Items", "Solution Items", "{DB53F936-195E-41ED-BBCC-2C49543054C3}"
	ProjectSection(SolutionItems) = preProject
		..\AUTHORS = ..\AUTHORS
		..\ChangeLog = ..\ChangeLog
		..\COPYING = ..\COPYING
		..\INSTALL = ..\INSTALL
		..\NEWS = ..\NEWS
		..\README = ..\README
	EndProjectSection
EndProject
Global
	GlobalSection(SolutionConfigurationPlatforms) = preSolution
		win32_vc8_d|Win32 = win32_vc8_d|Win32
		win32_vc8|Win32 = win32_vc8|Win32
	EndGlobalSection
	GlobalSection(ProjectConfigurationPlatforms) = postSolution
		{D2824E6F-9A04-4483-B824-77B3EF38903A}.win32_vc8_d|Win32.ActiveCfg = win32_vc8_d|Win32
		{D2824E6F-9A04-4483-B824-77B3EF38903A}.win32_vc8_d|Win32.Build.0 = win32_vc8_d|Win32
		{D2824E6F-9A04-4483-B824-77B3EF38903A}.win32_vc8|Win32.ActiveCfg = win32_vc8|Win32
		{D2824E6F-9A04-4483-B824-77B3EF38903A}.win32_vc8|Win32.Build.0 = win32_vc8|Win32
		{51E8A24D-FCF3-4D78-AC6B-4F32D4E6F965}.win32_vc8_d|Win32.ActiveCfg = win32_vc8_d|Win32
		{51E8A24D-FCF3-4D78-AC6B-4F32D4E6F965}.win32_vc8_d|Win32.Build.0 = win32_vc8_d|Win32
		{51E8A24D-FCF3-4D78-AC6B-4F32D4E6F965}.win32_vc8|Win32.ActiveCfg = win32_vc8|Win32
		{51E8A24D-FCF3-4D78-AC6B-4F32D4E6F965}.win32_vc8|Win32.Build.0 = win32_vc8|Win32
	EndGlobalSection
	GlobalSection(SolutionProperties) = preSolution
		HideSolutionNode = FALSE
	EndGlobalSection
EndGlobal
