
Microsoft Visual Studio Solution File, Format Version 9.00
# Visual Studio 2005
Global
	GlobalSection(SolutionConfigurationPlatforms) = preSolution
		win32_vc8_d|Win32 = win32_vc8_d|Win32
		win32_vc8|Win32 = win32_vc8|Win32
	EndGlobalSection
	GlobalSection(SolutionProperties) = preSolution
		HideSolutionNode = FALSE
	EndGlobalSection
EndGlobal
